{
  "name": "azhar-backend",
  "version": "1.0.0",
  "lockfileVersion": 3,
  "requires": true,
  "packages": {
    "": {
      "name": "azhar-backend",
      "version": "1.0.0",
      "dependencies": {
        "@google/generative-ai": "^0.4.0"
      }
    },
    "node_modules/@google/generative-ai": {
      "version": "0.4.0",
      "resolved": "https://registry.npmjs.org/@google/generative-ai/-/generative-ai-0.4.0.tgz",
      "integrity": "sha512-AtVXUKT28MtRbyl48vx4o2l+oUsNhM8iqgV6ynkNV9KMWuPUdwYeKvmiVvsHQENFMRBb+tcmiwcPcjs0d4psUQ==",
      "license": "Apache-2.0",
      "engines": {
        "node": ">=18.0.0"
      }
    }
  }
}
